// !$*UTF8*$!
{
	archiveVersion = 1;
	classes = {
	};
	objectVersion = 55;
	objects = {

/* Begin PBXBuildFile section */
		7C21FB2927D511A700046BC8 /* ListRowView.swift in Sources */ = {isa = PBXBuildFile; fileRef = 7C21FB2827D511A700046BC8 /* ListRowView.swift */; };
		7C25BC6427CD021C00E37F58 /* expense_trackerApp.swift in Sources */ = {isa = PBXBuildFile; fileRef = 7C25BC6327CD021C00E37F58 /* expense_trackerApp.swift */; };
		7C25BC6627CD021C00E37F58 /* ContentView.swift in Sources */ = {isa = PBXBuildFile; fileRef = 7C25BC6527CD021C00E37F58 /* ContentView.swift */; };
		7C25BC6827CD021C00E37F58 /* Assets.xcassets in Resources */ = {isa = PBXBuildFile; fileRef = 7C25BC6727CD021C00E37F58 /* Assets.xcassets */; };
		7C25BC6B27CD021C00E37F58 /* Preview Assets.xcassets in Resources */ = {isa = PBXBuildFile; fileRef = 7C25BC6A27CD021C00E37F58 /* Preview Assets.xcassets */; };
		7C25BC7327CD063300E37F58 /* ExpenseListView.swift in Sources */ = {isa = PBXBuildFile; fileRef = 7C25BC7227CD063300E37F58 /* ExpenseListView.swift */; };
		7C25BC7527CD065800E37F58 /* AddExpenseView.swift in Sources */ = {isa = PBXBuildFile; fileRef = 7C25BC7427CD065800E37F58 /* AddExpenseView.swift */; };
		7C387CA327D1FDB7006B560D /* ExpenseItem.swift in Sources */ = {isa = PBXBuildFile; fileRef = 7C387CA227D1FDB7006B560D /* ExpenseItem.swift */; };
		7C387CA727D1FED0006B560D /* Store.swift in Sources */ = {isa = PBXBuildFile; fileRef = 7C387CA627D1FED0006B560D /* Store.swift */; };
/* End PBXBuildFile section */

/* Begin PBXFileReference section */
		7C21FB2827D511A700046BC8 /* ListRowView.swift */ = {isa = PBXFileReference; lastKnownFileType = sourcecode.swift; path = ListRowView.swift; sourceTree = "<group>"; };
		7C25BC6027CD021C00E37F58 /* expense-tracker.app */ = {isa = PBXFileReference; explicitFileType = wrapper.application; includeInIndex = 0; path = "expense-tracker.app"; sourceTree = BUILT_PRODUCTS_DIR; };
		7C25BC6327CD021C00E37F58 /* expense_trackerApp.swift */ = {isa = PBXFileReference; lastKnownFileType = sourcecode.swift; path = expense_trackerApp.swift; sourceTree = "<group>"; };
		7C25BC6527CD021C00E37F58 /* ContentView.swift */ = {isa = PBXFileReference; lastKnownFileType = sourcecode.swift; path = ContentView.swift; sourceTree = "<group>"; };
		7C25BC6727CD021C00E37F58 /* Assets.xcassets */ = {isa = PBXFileReference; lastKnownFileType = folder.assetcatalog; path = Assets.xcassets; sourceTree = "<group>"; };
		7C25BC6A27CD021C00E37F58 /* Preview Assets.xcassets */ = {isa = PBXFileReference; lastKnownFileType = folder.assetcatalog; path = "Preview Assets.xcassets"; sourceTree = "<group>"; };
		7C25BC7227CD063300E37F58 /* ExpenseListView.swift */ = {isa = PBXFileReference; lastKnownFileType = sourcecode.swift; path = ExpenseListView.swift; sourceTree = "<group>"; };
		7C25BC7427CD065800E37F58 /* AddExpenseView.swift */ = {isa = PBXFileReference; lastKnownFileType = sourcecode.swift; path = AddExpenseView.swift; sourceTree = "<group>"; };
		7C387CA227D1FDB7006B560D /* ExpenseItem.swift */ = {isa = PBXFileReference; lastKnownFileType = sourcecode.swift; path = ExpenseItem.swift; sourceTree = "<group>"; };
		7C387CA627D1FED0006B560D /* Store.swift */ = {isa = PBXFileReference; lastKnownFileType = sourcecode.swift; path = Store.swift; sourceTree = "<group>"; };
/* End PBXFileReference section */

/* Begin PBXFrameworksBuildPhase section */
		7C25BC5D27CD021C00E37F58 /* Frameworks */ = {
			isa = PBXFrameworksBuildPhase;
			buildActionMask = 2147483647;
			files = (
			);
			runOnlyForDeploymentPostprocessing = 0;
		};
/* End PBXFrameworksBuildPhase section */

/* Begin PBXGroup section */
		7C25BC5727CD021B00E37F58 = {
			isa = PBXGroup;
			children = (
				7C25BC6227CD021C00E37F58 /* expense-tracker */,
				7C25BC6127CD021C00E37F58 /* Products */,
			);
			sourceTree = "<group>";
		};
		7C25BC6127CD021C00E37F58 /* Products */ = {
			isa = PBXGroup;
			children = (
				7C25BC6027CD021C00E37F58 /* expense-tracker.app */,
			);
			name = Products;
			sourceTree = "<group>";
		};
		7C25BC6227CD021C00E37F58 /* expense-tracker */ = {
			isa = PBXGroup;
			children = (
				7C387CA527D1FDEA006B560D /* Models */,
				7C25BC7127CD04C900E37F58 /* Views */,
				7C25BC6327CD021C00E37F58 /* expense_trackerApp.swift */,
				7C25BC6527CD021C00E37F58 /* ContentView.swift */,
				7C25BC6727CD021C00E37F58 /* Assets.xcassets */,
				7C25BC6927CD021C00E37F58 /* Preview Content */,
			);
			path = "expense-tracker";
			sourceTree = "<group>";
		};
		7C25BC6927CD021C00E37F58 /* Preview Content */ = {
			isa = PBXGroup;
			children = (
				7C25BC6A27CD021C00E37F58 /* Preview Assets.xcassets */,
			);
			path = "Preview Content";
			sourceTree = "<group>";
		};
		7C25BC7127CD04C900E37F58 /* Views */ = {
			isa = PBXGroup;
			children = (
				7C25BC7227CD063300E37F58 /* ExpenseListView.swift */,
				7C25BC7427CD065800E37F58 /* AddExpenseView.swift */,
				7C21FB2827D511A700046BC8 /* ListRowView.swift */,
			);
			path = Views;
			sourceTree = "<group>";
		};
		7C387CA527D1FDEA006B560D /* Models */ = {
			isa = PBXGroup;
			children = (
				7C387CA627D1FED0006B560D /* Store.swift */,
				7C387CA227D1FDB7006B560D /* ExpenseItem.swift */,
			);
			path = Models;
			sourceTree = "<group>";
		};
/* End PBXGroup section */

/* Begin PBXNativeTarget section */
		7C25BC5F27CD021C00E37F58 /* expense-tracker */ = {
			isa = PBXNativeTarget;
			buildConfigurationList = 7C25BC6E27CD021C00E37F58 /* Build configuration list for PBXNativeTarget "expense-tracker" */;
			buildPhases = (
				7C25BC5C27CD021C00E37F58 /* Sources */,
				7C25BC5D27CD021C00E37F58 /* Frameworks */,
				7C25BC5E27CD021C00E37F58 /* Resources */,
			);
			buildRules = (
			);
			dependencies = (
			);
			name = "expense-tracker";
			productName = "expense-tracker";
			productReference = 7C25BC6027CD021C00E37F58 /* expense-tracker.app */;
			productType = "com.apple.product-type.application";
		};
/* End PBXNativeTarget section */

/* Begin PBXProject section */
		7C25BC5827CD021B00E37F58 /* Project object */ = {
			isa = PBXProject;
			attributes = {
				BuildIndependentTargetsInParallel = 1;
				LastSwiftUpdateCheck = 1320;
				LastUpgradeCheck = 1320;
				TargetAttributes = {
					7C25BC5F27CD021C00E37F58 = {
						CreatedOnToolsVersion = 13.2.1;
					};
				};
			};
			buildConfigurationList = 7C25BC5B27CD021B00E37F58 /* Build configuration list for PBXProject "expense-tracker" */;
			compatibilityVersion = "Xcode 13.0";
			developmentRegion = en;
			hasScannedForEncodings = 0;
			knownRegions = (
				en,
				Base,
			);
			mainGroup = 7C25BC5727CD021B00E37F58;
			productRefGroup = 7C25BC6127CD021C00E37F58 /* Products */;
			projectDirPath = "";
			projectRoot = "";
			targets = (
				7C25BC5F27CD021C00E37F58 /* expense-tracker */,
			);
		};
/* End PBXProject section */

/* Begin PBXResourcesBuildPhase section */
		7C25BC5E27CD021C00E37F58 /* Resources */ = {
			isa = PBXResourcesBuildPhase;
			buildActionMask = 2147483647;
			files = (
				7C25BC6B27CD021C00E37F58 /* Preview Assets.xcassets in Resources */,
				7C25BC6827CD021C00E37F58 /* Assets.xcassets in Resources */,
			);
			runOnlyForDeploymentPostprocessing = 0;
		};
/* End PBXResourcesBuildPhase section */

/* Begin PBXSourcesBuildPhase section */
		7C25BC5C27CD021C00E37F58 /* Sources */ = {
			isa = PBXSourcesBuildPhase;
			buildActionMask = 2147483647;
			files = (
				7C25BC6627CD021C00E37F58 /* ContentView.swift in Sources */,
				7C21FB2927D511A700046BC8 /* ListRowView.swift in Sources */,
				7C25BC7327CD063300E37F58 /* ExpenseListView.swift in Sources */,
				7C387CA327D1FDB7006B560D /* ExpenseItem.swift in Sources */,
				7C387CA727D1FED0006B560D /* Store.swift in Sources */,
				7C25BC6427CD021C00E37F58 /* expense_trackerApp.swift in Sources */,
				7C25BC7527CD065800E37F58 /* AddExpenseView.swift in Sources */,
			);
			runOnlyForDeploymentPostprocessing = 0;
		};
/* End PBXSourcesBuildPhase section */

/* Begin XCBuildConfiguration section */
		7C25BC6C27CD021C00E37F58 /* Debug */ = {
			isa = XCBuildConfiguration;
			buildSettings = {
				ALWAYS_SEARCH_USER_PATHS = NO;
				CLANG_ANALYZER_NONNULL = YES;
				CLANG_ANALYZER_NUMBER_OBJECT_CONVERSION = YES_AGGRESSIVE;
				CLANG_CXX_LANGUAGE_STANDARD = "gnu++17";
				CLANG_CXX_LIBRARY = "libc++";
				CLANG_ENABLE_MODULES = YES;
				CLANG_ENABLE_OBJC_ARC = YES;
				CLANG_ENABLE_OBJC_WEAK = YES;
				CLANG_WARN_BLOCK_CAPTURE_AUTORELEASING = YES;
				CLANG_WARN_BOOL_CONVERSION = YES;
				CLANG_WARN_COMMA = YES;
				CLANG_WARN_CONSTANT_CONVERSION = YES;
				CLANG_WARN_DEPRECATED_OBJC_IMPLEMENTATIONS = YES;
				CLANG_WARN_DIRECT_OBJC_ISA_USAGE = YES_ERROR;
				CLANG_WARN_DOCUMENTATION_COMMENTS = YES;
				CLANG_WARN_EMPTY_BODY = YES;
				CLANG_WARN_ENUM_CONVERSION = YES;
				CLANG_WARN_INFINITE_RECURSION = YES;
				CLANG_WARN_INT_CONVERSION = YES;
				CLANG_WARN_NON_LITERAL_NULL_CONVERSION = YES;
				CLANG_WARN_OBJC_IMPLICIT_RETAIN_SELF = YES;
				CLANG_WARN_OBJC_LITERAL_CONVERSION = YES;
				CLANG_WARN_OBJC_ROOT_CLASS = YES_ERROR;
				CLANG_WARN_QUOTED_INCLUDE_IN_FRAMEWORK_HEADER = YES;
				CLANG_WARN_RANGE_LOOP_ANALYSIS = YES;
				CLANG_WARN_STRICT_PROTOTYPES = YES;
				CLANG_WARN_SUSPICIOUS_MOVE = YES;
				CLANG_WARN_UNGUARDED_AVAILABILITY = YES_AGGRESSIVE;
				CLANG_WARN_UNREACHABLE_CODE = YES;
				CLANG_WARN__DUPLICATE_METHOD_MATCH = YES;
				COPY_PHASE_STRIP = NO;
				DEBUG_INFORMATION_FORMAT = dwarf;
				ENABLE_STRICT_OBJC_MSGSEND = YES;
				ENABLE_TESTABILITY = YES;
				GCC_C_LANGUAGE_STANDARD = gnu11;
				GCC_DYNAMIC_NO_PIC = NO;
				GCC_NO_COMMON_BLOCKS = YES;
				GCC_OPTIMIZATION_LEVEL = 0;
				GCC_PREPROCESSOR_DEFINITIONS = (
					"DEBUG=1",
					"$(inherited)",
				);
				GCC_WARN_64_TO_32_BIT_CONVERSION = YES;
				GCC_WARN_ABOUT_RETURN_TYPE = YES_ERROR;
				GCC_WARN_UNDECLARED_SELECTOR = YES;
				GCC_WARN_UNINITIALIZED_AUTOS = YES_AGGRESSIVE;
				GCC_WARN_UNUSED_FUNCTION = YES;
				GCC_WARN_UNUSED_VARIABLE = YES;
				IPHONEOS_DEPLOYMENT_TARGET = 15.2;
				MTL_ENABLE_DEBUG_INFO = INCLUDE_SOURCE;
				MTL_FAST_MATH = YES;
				ONLY_ACTIVE_ARCH = YES;
				SDKROOT = iphoneos;
				SWIFT_ACTIVE_COMPILATION_CONDITIONS = DEBUG;
				SWIFT_OPTIMIZATION_LEVEL = "-Onone";
			};
			name = Debug;
		};
		7C25BC6D27CD021C00E37F58 /* Release */ = {
			isa = XCBuildConfiguration;
			buildSettings = {
				ALWAYS_SEARCH_USER_PATHS = NO;
				CLANG_ANALYZER_NONNULL = YES;
				CLANG_ANALYZER_NUMBER_OBJECT_CONVERSION = YES_AGGRESSIVE;
				CLANG_CXX_LANGUAGE_STANDARD = "gnu++17";
				CLANG_CXX_LIBRARY = "libc++";
				CLANG_ENABLE_MODULES = YES;
				CLANG_ENABLE_OBJC_ARC = YES;
				CLANG_ENABLE_OBJC_WEAK = YES;
				CLANG_WARN_BLOCK_CAPTURE_AUTORELEASING = YES;
				CLANG_WARN_BOOL_CONVERSION = YES;
				CLANG_WARN_COMMA = YES;
				CLANG_WARN_CONSTANT_CONVERSION = YES;
				CLANG_WARN_DEPRECATED_OBJC_IMPLEMENTATIONS = YES;
				CLANG_WARN_DIRECT_OBJC_ISA_USAGE = YES_ERROR;
				CLANG_WARN_DOCUMENTATION_COMMENTS = YES;
				CLANG_WARN_EMPTY_BODY = YES;
				CLANG_WARN_ENUM_CONVERSION = YES;
				CLANG_WARN_INFINITE_RECURSION = YES;
				CLANG_WARN_INT_CONVERSION = YES;
				CLANG_WARN_NON_LITERAL_NULL_CONVERSION = YES;
				CLANG_WARN_OBJC_IMPLICIT_RETAIN_SELF = YES;
				CLANG_WARN_OBJC_LITERAL_CONVERSION = YES;
				CLANG_WARN_OBJC_ROOT_CLASS = YES_ERROR;
				CLANG_WARN_QUOTED_INCLUDE_IN_FRAMEWORK_HEADER = YES;
				CLANG_WARN_RANGE_LOOP_ANALYSIS = YES;
				CLANG_WARN_STRICT_PROTOTYPES = YES;
				CLANG_WARN_SUSPICIOUS_MOVE = YES;
				CLANG_WARN_UNGUARDED_AVAILABILITY = YES_AGGRESSIVE;
				CLANG_WARN_UNREACHABLE_CODE = YES;
				CLANG_WARN__DUPLICATE_METHOD_MATCH = YES;
				COPY_PHASE_STRIP = NO;
				DEBUG_INFORMATION_FORMAT = "dwarf-with-dsym";
				ENABLE_NS_ASSERTIONS = NO;
				ENABLE_STRICT_OBJC_MSGSEND = YES;
				GCC_C_LANGUAGE_STANDARD = gnu11;
				GCC_NO_COMMON_BLOCKS = YES;
				GCC_WARN_64_TO_32_BIT_CONVERSION = YES;
				GCC_WARN_ABOUT_RETURN_TYPE = YES_ERROR;
				GCC_WARN_UNDECLARED_SELECTOR = YES;
				GCC_WARN_UNINITIALIZED_AUTOS = YES_AGGRESSIVE;
				GCC_WARN_UNUSED_FUNCTION = YES;
				GCC_WARN_UNUSED_VARIABLE = YES;
				IPHONEOS_DEPLOYMENT_TARGET = 15.2;
				MTL_ENABLE_DEBUG_INFO = NO;
				MTL_FAST_MATH = YES;
				SDKROOT = iphoneos;
				SWIFT_COMPILATION_MODE = wholemodule;
				SWIFT_OPTIMIZATION_LEVEL = "-O";
				VALIDATE_PRODUCT = YES;
			};
			name = Release;
		};
		7C25BC6F27CD021C00E37F58 /* Debug */ = {
			isa = XCBuildConfiguration;
			buildSettings = {
				ASSETCATALOG_COMPILER_APPICON_NAME = AppIcon;
				ASSETCATALOG_COMPILER_GLOBAL_ACCENT_COLOR_NAME = AccentColor;
				CODE_SIGN_STYLE = Automatic;
				CURRENT_PROJECT_VERSION = 1;
				DEVELOPMENT_ASSET_PATHS = "\"expense-tracker/Preview Content\"";
				ENABLE_PREVIEWS = YES;
				GENERATE_INFOPLIST_FILE = YES;
				INFOPLIST_KEY_UIApplicationSceneManifest_Generation = YES;
				INFOPLIST_KEY_UIApplicationSupportsIndirectInputEvents = YES;
				INFOPLIST_KEY_UILaunchScreen_Generation = YES;
				INFOPLIST_KEY_UISupportedInterfaceOrientations_iPad = "UIInterfaceOrientationPortrait UIInterfaceOrientationPortraitUpsideDown UIInterfaceOrientationLandscapeLeft UIInterfaceOrientationLandscapeRight";
				INFOPLIST_KEY_UISupportedInterfaceOrientations_iPhone = "UIInterfaceOrientationPortrait UIInterfaceOrientationLandscapeLeft UIInterfaceOrientationLandscapeRight";
				LD_RUNPATH_SEARCH_PATHS = (
					"$(inherited)",
					"@executable_path/Frameworks",
				);
				MARKETING_VERSION = 1.0;
				PRODUCT_BUNDLE_IDENTIFIER = "domenpekro.expense-tracker";
				PRODUCT_NAME = "$(TARGET_NAME)";
				SWIFT_EMIT_LOC_STRINGS = YES;
				SWIFT_VERSION = 5.0;
				TARGETED_DEVICE_FAMILY = "1,2";
			};
			name = Debug;
		};
		7C25BC7027CD021C00E37F58 /* Release */ = {
			isa = XCBuildConfiguration;
			buildSettings = {
				ASSETCATALOG_COMPILER_APPICON_NAME = AppIcon;
				ASSETCATALOG_COMPILER_GLOBAL_ACCENT_COLOR_NAME = AccentColor;
				CODE_SIGN_STYLE = Automatic;
				CURRENT_PROJECT_VERSION = 1;
				DEVELOPMENT_ASSET_PATHS = "\"expense-tracker/Preview Content\"";
				ENABLE_PREVIEWS = YES;
				GENERATE_INFOPLIST_FILE = YES;
				INFOPLIST_KEY_UIApplicationSceneManifest_Generation = YES;
				INFOPLIST_KEY_UIApplicationSupportsIndirectInputEvents = YES;
				INFOPLIST_KEY_UILaunchScreen_Generation = YES;
				INFOPLIST_KEY_UISupportedInterfaceOrientations_iPad = "UIInterfaceOrientationPortrait UIInterfaceOrientationPortraitUpsideDown UIInterfaceOrientationLandscapeLeft UIInterfaceOrientationLandscapeRight";
				INFOPLIST_KEY_UISupportedInterfaceOrientations_iPhone = "UIInterfaceOrientationPortrait UIInterfaceOrientationLandscapeLeft UIInterfaceOrientationLandscapeRight";
				LD_RUNPATH_SEARCH_PATHS = (
					"$(inherited)",
					"@executable_path/Frameworks",
				);
				MARKETING_VERSION = 1.0;
				PRODUCT_BUNDLE_IDENTIFIER = "domenpekro.expense-tracker";
				PRODUCT_NAME = "$(TARGET_NAME)";
				SWIFT_EMIT_LOC_STRINGS = YES;
				SWIFT_VERSION = 5.0;
				TARGETED_DEVICE_FAMILY = "1,2";
			};
			name = Release;
		};
/* End XCBuildConfiguration section */

/* Begin XCConfigurationList section */
		7C25BC5B27CD021B00E37F58 /* Build configuration list for PBXProject "expense-tracker" */ = {
			isa = XCConfigurationList;
			buildConfigurations = (
				7C25BC6C27CD021C00E37F58 /* Debug */,
				7C25BC6D27CD021C00E37F58 /* Release */,
			);
			defaultConfigurationIsVisible = 0;
			defaultConfigurationName = Release;
		};
		7C25BC6E27CD021C00E37F58 /* Build configuration list for PBXNativeTarget "expense-tracker" */ = {
			isa = XCConfigurationList;
			buildConfigurations = (
				7C25BC6F27CD021C00E37F58 /* Debug */,
				7C25BC7027CD021C00E37F58 /* Release */,
			);
			defaultConfigurationIsVisible = 0;
			defaultConfigurationName = Release;
		};
/* End XCConfigurationList section */
	};
	rootObject = 7C25BC5827CD021B00E37F58 /* Project object */;
}
